
Microsoft Visual Studio Solution File, Format Version 12.00
# Visual Studio Version 17
VisualStudioVersion = 17.3.32825.248
MinimumVisualStudioVersion = 10.0.40219.1
Project("{FAE04EC0-301F-11D3-BF4B-00C04F79EFBC}") = "WpfAppPract2", "WpfAppPract2.csproj", "{A324A4B8-6527-44B3-AAAF-9F5EB8786FA0}"
EndProject
Global
	GlobalSection(SolutionConfigurationPlatforms) = preSolution
		Debug|Any CPU = Debug|Any CPU
		Release|Any CPU = Release|Any CPU
	EndGlobalSection
	GlobalSection(ProjectConfigurationPlatforms) = postSolution
		{A324A4B8-6527-44B3-AAAF-9F5EB8786FA0}.Debug|Any CPU.ActiveCfg = Debug|Any CPU
		{A324A4B8-6527-44B3-AAAF-9F5EB8786FA0}.Debug|Any CPU.Build.0 = Debug|Any CPU
		{A324A4B8-6527-44B3-AAAF-9F5EB8786FA0}.Release|Any CPU.ActiveCfg = Release|Any CPU
		{A324A4B8-6527-44B3-AAAF-9F5EB8786FA0}.Release|Any CPU.Build.0 = Release|Any CPU
	EndGlobalSection
	GlobalSection(SolutionProperties) = preSolution
		HideSolutionNode = FALSE
	EndGlobalSection
	GlobalSection(ExtensibilityGlobals) = postSolution
		SolutionGuid = {A8AAFB81-4A2E-473E-A9BD-61DF511F53FA}
	EndGlobalSection
EndGlobal
